
Microsoft Visual Studio Solution File, Format Version 12.00
# Visual Studio 2013
VisualStudioVersion = 12.0.31101.0
MinimumVisualStudioVersion = 10.0.40219.1
Project("{8BC9CEB8-8B4A-11D0-8D11-00A0C91BC942}") = "demo0", "demo0\demo0.vcxproj", "{6238D299-13C4-4278-9D1A-414357222B43}"
	ProjectSection(ProjectDependencies) = postProject
		{A36A3FBB-FE85-481D-8350-4F8C53300F78} = {A36A3FBB-FE85-481D-8350-4F8C53300F78}
	EndProjectSection
EndProject
Project("{8BC9CEB8-8B4A-11D0-8D11-00A0C91BC942}") = "common", "common\common.vcxproj", "{A36A3FBB-FE85-481D-8350-4F8C53300F78}"
EndProject
Project("{8BC9CEB8-8B4A-11D0-8D11-00A0C91BC942}") = "demo1", "demo1\demo1.vcxproj", "{9B575311-1B52-4418-B0B3-A3838E89BC91}"
	ProjectSection(ProjectDependencies) = postProject
		{A36A3FBB-FE85-481D-8350-4F8C53300F78} = {A36A3FBB-FE85-481D-8350-4F8C53300F78}
	EndProjectSection
EndProject
Project("{8BC9CEB8-8B4A-11D0-8D11-00A0C91BC942}") = "demo2", "demo2\demo2.vcxproj", "{86BF24E4-2062-4BB6-8225-EC213A4765F6}"
EndProject
Global
	GlobalSection(SolutionConfigurationPlatforms) = preSolution
		Debug|Win32 = Debug|Win32
		Release|Win32 = Release|Win32
	EndGlobalSection
	GlobalSection(ProjectConfigurationPlatforms) = postSolution
		{6238D299-13C4-4278-9D1A-414357222B43}.Debug|Win32.ActiveCfg = Debug|Win32
		{6238D299-13C4-4278-9D1A-414357222B43}.Debug|Win32.Build.0 = Debug|Win32
		{6238D299-13C4-4278-9D1A-414357222B43}.Release|Win32.ActiveCfg = Release|Win32
		{6238D299-13C4-4278-9D1A-414357222B43}.Release|Win32.Build.0 = Release|Win32
		{A36A3FBB-FE85-481D-8350-4F8C53300F78}.Debug|Win32.ActiveCfg = Debug|Win32
		{A36A3FBB-FE85-481D-8350-4F8C53300F78}.Debug|Win32.Build.0 = Debug|Win32
		{A36A3FBB-FE85-481D-8350-4F8C53300F78}.Release|Win32.ActiveCfg = Release|Win32
		{A36A3FBB-FE85-481D-8350-4F8C53300F78}.Release|Win32.Build.0 = Release|Win32
		{9B575311-1B52-4418-B0B3-A3838E89BC91}.Debug|Win32.ActiveCfg = Debug|Win32
		{9B575311-1B52-4418-B0B3-A3838E89BC91}.Debug|Win32.Build.0 = Debug|Win32
		{9B575311-1B52-4418-B0B3-A3838E89BC91}.Release|Win32.ActiveCfg = Release|Win32
		{9B575311-1B52-4418-B0B3-A3838E89BC91}.Release|Win32.Build.0 = Release|Win32
		{86BF24E4-2062-4BB6-8225-EC213A4765F6}.Debug|Win32.ActiveCfg = Debug|Win32
		{86BF24E4-2062-4BB6-8225-EC213A4765F6}.Debug|Win32.Build.0 = Debug|Win32
		{86BF24E4-2062-4BB6-8225-EC213A4765F6}.Release|Win32.ActiveCfg = Release|Win32
		{86BF24E4-2062-4BB6-8225-EC213A4765F6}.Release|Win32.Build.0 = Release|Win32
	EndGlobalSection
	GlobalSection(SolutionProperties) = preSolution
		HideSolutionNode = FALSE
	EndGlobalSection
EndGlobal
